
Microsoft Visual Studio Solution File, Format Version 12.00
# Visual Studio 2013
VisualStudioVersion = 12.0.30723.0
MinimumVisualStudioVersion = 10.0.40219.1
Project("{FAE04EC0-301F-11D3-BF4B-00C04F79EFBC}") = "LoLUpdater", "LoLUpdater\LoLUpdater.csproj", "{3A989472-219D-4231-95DA-3718BA16CC66}"
EndProject
Project("{FAE04EC0-301F-11D3-BF4B-00C04F79EFBC}") = "LoLUpdater Updater", "LoLUpdater Updater\LoLUpdater Updater.csproj", "{0DA59380-AAED-41D7-9A21-175ED4768612}"
EndProject
Global
	GlobalSection(SolutionConfigurationPlatforms) = preSolution
		Debug|Any CPU = Debug|Any CPU
		Release-MT|Any CPU = Release-MT|Any CPU
	EndGlobalSection
	GlobalSection(ProjectConfigurationPlatforms) = postSolution
		{3A989472-219D-4231-95DA-3718BA16CC66}.Debug|Any CPU.ActiveCfg = Debug|Any CPU
		{3A989472-219D-4231-95DA-3718BA16CC66}.Debug|Any CPU.Build.0 = Debug|Any CPU
		{3A989472-219D-4231-95DA-3718BA16CC66}.Release-MT|Any CPU.ActiveCfg = Release|Any CPU
		{3A989472-219D-4231-95DA-3718BA16CC66}.Release-MT|Any CPU.Build.0 = Release|Any CPU
		{0DA59380-AAED-41D7-9A21-175ED4768612}.Debug|Any CPU.ActiveCfg = Debug|Any CPU
		{0DA59380-AAED-41D7-9A21-175ED4768612}.Debug|Any CPU.Build.0 = Debug|Any CPU
		{0DA59380-AAED-41D7-9A21-175ED4768612}.Release-MT|Any CPU.ActiveCfg = Release|Any CPU
		{0DA59380-AAED-41D7-9A21-175ED4768612}.Release-MT|Any CPU.Build.0 = Release|Any CPU
	EndGlobalSection
	GlobalSection(SolutionProperties) = preSolution
		HideSolutionNode = FALSE
	EndGlobalSection
EndGlobal
