
Microsoft Visual Studio Solution File, Format Version 12.00
# Visual Studio 2013
VisualStudioVersion = 12.0.30723.0
MinimumVisualStudioVersion = 10.0.40219.1
Project("{FAE04EC0-301F-11D3-BF4B-00C04F79EFBC}") = "LoLUpdater", "LoLUpdater\LoLUpdater.csproj", "{3A989472-219D-4231-95DA-3718BA16CC66}"
EndProject
Project("{FAE04EC0-301F-11D3-BF4B-00C04F79EFBC}") = "LoLUpdater Updater", "LoLUpdater Updater\LoLUpdater Updater.csproj", "{0DA59380-AAED-41D7-9A21-175ED4768612}"
EndProject
Project("{8BC9CEB8-8B4A-11D0-8D11-00A0C91BC942}") = "tbb", "tbb43_20140724oss\build\vs2010\tbb.vcxproj", "{F62787DD-1327-448B-9818-030062BCFAA5}"
EndProject
Global
	GlobalSection(SolutionConfigurationPlatforms) = preSolution
		Release-MT|Win32 = Release-MT|Win32
	EndGlobalSection
	GlobalSection(ProjectConfigurationPlatforms) = postSolution
		{3A989472-219D-4231-95DA-3718BA16CC66}.Release-MT|Win32.ActiveCfg = Release|Any CPU
		{0DA59380-AAED-41D7-9A21-175ED4768612}.Release-MT|Win32.ActiveCfg = Release|Any CPU
		{F62787DD-1327-448B-9818-030062BCFAA5}.Release-MT|Win32.ActiveCfg = Release-MT|Win32
		{F62787DD-1327-448B-9818-030062BCFAA5}.Release-MT|Win32.Build.0 = Release-MT|Win32
	EndGlobalSection
	GlobalSection(SolutionProperties) = preSolution
		HideSolutionNode = FALSE
	EndGlobalSection
EndGlobal
